{
    "_readme": [
        "This file locks the dependencies of your project to a known state",
        "Read more about it at https://getcomposer.org/doc/01-basic-usage.md#installing-dependencies",
        "This file is @generated automatically"
    ],
    "content-hash": "37712b4fd3a3976151dc2031fc2b5567",
    "packages": [
        {
            "name": "drupal-pattern-lab/add-attributes-twig-extension",
            "version": "v1.0.1",
            "source": {
                "type": "git",
                "url": "https://github.com/drupal-pattern-lab/add-attributes-twig-extension.git",
                "reference": "a86c5af2cd6b6996c41cd389df71683faa6701f5"
            },
            "dist": {
                "type": "zip",
                "url": "https://api.github.com/repos/drupal-pattern-lab/add-attributes-twig-extension/zipball/a86c5af2cd6b6996c41cd389df71683faa6701f5",
                "reference": "a86c5af2cd6b6996c41cd389df71683faa6701f5",
                "shasum": ""
            },
            "type": "library",
            "notification-url": "https://packagist.org/downloads/",
            "license": [
                "MIT"
            ],
            "authors": [
                {
                    "name": "Evan Willhite",
                    "email": "evan@fourkitchens.com"
                },
                {
                    "name": "Jeff Tomlinson",
                    "email": "jeff@fourkitchens.com"
                }
            ],
            "description": "Twig function that allows addition of attributes that can be rendered in both Drupal and Pattern Lab",
            "time": "2017-08-17T03:05:07+00:00"
        },
        {
            "name": "drupal-pattern-lab/bem-twig-extension",
            "version": "v1.0.1",
            "source": {
                "type": "git",
                "url": "https://github.com/drupal-pattern-lab/bem-twig-extension.git",
                "reference": "c772316bb6121823dcae157abfd1c173441e121d"
            },
            "dist": {
                "type": "zip",
                "url": "https://api.github.com/repos/drupal-pattern-lab/bem-twig-extension/zipball/c772316bb6121823dcae157abfd1c173441e121d",
                "reference": "c772316bb6121823dcae157abfd1c173441e121d",
                "shasum": ""
            },
            "type": "library",
            "notification-url": "https://packagist.org/downloads/",
            "license": [
                "MIT"
            ],
            "authors": [
                {
                    "name": "Evan Willhite",
                    "email": "evan@fourkitchens.com"
                },
                {
                    "name": "Jeff Tomlinson",
                    "email": "jeff@fourkitchens.com"
                }
            ],
            "description": "Twig function that inserts static classes into Pattern Lab and adds them to the Attributes object in Drupal",
            "time": "2017-08-17T03:08:26+00:00"
        },
        {
            "name": "drupal-pattern-lab/unified-twig-extensions",
            "version": "v0.1.0",
            "source": {
                "type": "git",
                "url": "https://github.com/drupal-pattern-lab/unified-twig-extensions.git",
                "reference": "862b9deccab544ca68e3aaaccc257d14acc9b1f6"
            },
            "dist": {
                "type": "zip",
                "url": "https://api.github.com/repos/drupal-pattern-lab/unified-twig-extensions/zipball/862b9deccab544ca68e3aaaccc257d14acc9b1f6",
                "reference": "862b9deccab544ca68e3aaaccc257d14acc9b1f6",
                "shasum": ""
            },
            "type": "drupal-module",
            "notification-url": "https://packagist.org/downloads/",
            "authors": [
                {
                    "name": "Salem Ghoweri",
                    "role": "Contributor"
                }
            ],
            "description": "Share Pattern Lab's custom Twig extensions with Drupal 8.",
            "time": "2017-08-08T19:57:42+00:00"
        }
    ],
    "packages-dev": [],
    "aliases": [],
    "minimum-stability": "dev",
    "stability-flags": [],
    "prefer-stable": true,
    "prefer-lowest": false,
    "platform": [],
    "platform-dev": [],
    "plugin-api-version": "2.1.0"
}
